PODS:
  - RappleProgressHUD (4.1)
  - SwiftKeychainWrapper (3.4.0)

DEPENDENCIES:
  - RappleProgressHUD
  - SwiftKeychainWrapper

SPEC REPOS:
  trunk:
    - RappleProgressHUD
    - SwiftKeychainWrapper

SPEC CHECKSUMS:
  RappleProgressHUD: f29bc5dc5f9834c2caa9c2ae21ba11f3ff2b5a85
  SwiftKeychainWrapper: 6fc49fbf7d4a6b0772917acb0e53a1639f6078d6

PODFILE CHECKSUM: 5a99368281fbf6afcebc87828bc930a7ed1d2b07

COCOAPODS: 1.8.4
